
Microsoft Visual Studio Solution File, Format Version 12.00
# Visual Studio 14
VisualStudioVersion = 14.0.25420.1
MinimumVisualStudioVersion = 10.0.40219.1
Project("{FAE04EC0-301F-11D3-BF4B-00C04F79EFBC}") = "Subtask1.Singleton", "Subtask1.Singleton\Subtask1.Singleton.csproj", "{EBA6BA63-3CDC-4EF5-89CC-2E053BF31763}"
EndProject
Project("{FAE04EC0-301F-11D3-BF4B-00C04F79EFBC}") = "Subtask2.ObjectPool", "Subtask2.ObjectPool\Subtask2.ObjectPool.csproj", "{88E3000E-2DD8-42DF-AFFD-5E43D3405F5C}"
EndProject
Project("{FAE04EC0-301F-11D3-BF4B-00C04F79EFBC}") = "Subtask2.ObjectPool.App", "Subtask2.ObjectPool.App\Subtask2.ObjectPool.App.csproj", "{16D96DBC-74FA-4077-960A-00D16DB07BA0}"
EndProject
Project("{FAE04EC0-301F-11D3-BF4B-00C04F79EFBC}") = "Subtask3.QuestEditor", "Subtask3.QuestEditor\Subtask3.QuestEditor.csproj", "{23072F3B-353D-4333-95BB-37E97BDD810A}"
EndProject
Project("{FAE04EC0-301F-11D3-BF4B-00C04F79EFBC}") = "Subtask3.QuestEditor.App", "Subtask3.QuestEditor.App\Subtask3.QuestEditor.App.csproj", "{C8FF0D72-7E7E-47C9-9F07-24BB039B1ABB}"
EndProject
Global
	GlobalSection(SolutionConfigurationPlatforms) = preSolution
		Debug|Any CPU = Debug|Any CPU
		Release|Any CPU = Release|Any CPU
	EndGlobalSection
	GlobalSection(ProjectConfigurationPlatforms) = postSolution
		{EBA6BA63-3CDC-4EF5-89CC-2E053BF31763}.Debug|Any CPU.ActiveCfg = Debug|Any CPU
		{EBA6BA63-3CDC-4EF5-89CC-2E053BF31763}.Debug|Any CPU.Build.0 = Debug|Any CPU
		{EBA6BA63-3CDC-4EF5-89CC-2E053BF31763}.Release|Any CPU.ActiveCfg = Release|Any CPU
		{EBA6BA63-3CDC-4EF5-89CC-2E053BF31763}.Release|Any CPU.Build.0 = Release|Any CPU
		{88E3000E-2DD8-42DF-AFFD-5E43D3405F5C}.Debug|Any CPU.ActiveCfg = Debug|Any CPU
		{88E3000E-2DD8-42DF-AFFD-5E43D3405F5C}.Debug|Any CPU.Build.0 = Debug|Any CPU
		{88E3000E-2DD8-42DF-AFFD-5E43D3405F5C}.Release|Any CPU.ActiveCfg = Release|Any CPU
		{88E3000E-2DD8-42DF-AFFD-5E43D3405F5C}.Release|Any CPU.Build.0 = Release|Any CPU
		{16D96DBC-74FA-4077-960A-00D16DB07BA0}.Debug|Any CPU.ActiveCfg = Debug|Any CPU
		{16D96DBC-74FA-4077-960A-00D16DB07BA0}.Debug|Any CPU.Build.0 = Debug|Any CPU
		{16D96DBC-74FA-4077-960A-00D16DB07BA0}.Release|Any CPU.ActiveCfg = Release|Any CPU
		{16D96DBC-74FA-4077-960A-00D16DB07BA0}.Release|Any CPU.Build.0 = Release|Any CPU
		{23072F3B-353D-4333-95BB-37E97BDD810A}.Debug|Any CPU.ActiveCfg = Debug|Any CPU
		{23072F3B-353D-4333-95BB-37E97BDD810A}.Debug|Any CPU.Build.0 = Debug|Any CPU
		{23072F3B-353D-4333-95BB-37E97BDD810A}.Release|Any CPU.ActiveCfg = Release|Any CPU
		{23072F3B-353D-4333-95BB-37E97BDD810A}.Release|Any CPU.Build.0 = Release|Any CPU
		{C8FF0D72-7E7E-47C9-9F07-24BB039B1ABB}.Debug|Any CPU.ActiveCfg = Debug|Any CPU
		{C8FF0D72-7E7E-47C9-9F07-24BB039B1ABB}.Debug|Any CPU.Build.0 = Debug|Any CPU
		{C8FF0D72-7E7E-47C9-9F07-24BB039B1ABB}.Release|Any CPU.ActiveCfg = Release|Any CPU
		{C8FF0D72-7E7E-47C9-9F07-24BB039B1ABB}.Release|Any CPU.Build.0 = Release|Any CPU
	EndGlobalSection
	GlobalSection(SolutionProperties) = preSolution
		HideSolutionNode = FALSE
	EndGlobalSection
EndGlobal
